// !$*UTF8*$!
{
	archiveVersion = 1;
	classes = {
	};
	objectVersion = 70;
	objects = {

/* Begin PBXBuildFile section */
		100000000000000000000001 /* LedgerApp.swift in Sources */ = {isa = PBXBuildFile; fileRef = 200000000000000000000001 /* LedgerApp.swift */; };
		100000000000000000000002 /* Models.swift in Sources */ = {isa = PBXBuildFile; fileRef = 200000000000000000000002 /* Models.swift */; };
		100000000000000000000003 /* MonthKey.swift in Sources */ = {isa = PBXBuildFile; fileRef = 200000000000000000000003 /* MonthKey.swift */; };
		100000000000000000000004 /* Theme.swift in Sources */ = {isa = PBXBuildFile; fileRef = 200000000000000000000004 /* Theme.swift */; };
		100000000000000000000005 /* ImportExport.swift in Sources */ = {isa = PBXBuildFile; fileRef = 200000000000000000000005 /* ImportExport.swift */; };
		100000000000000000000006 /* LedgerService.swift in Sources */ = {isa = PBXBuildFile; fileRef = 200000000000000000000006 /* LedgerService.swift */; };
		100000000000000000000007 /* RootView.swift in Sources */ = {isa = PBXBuildFile; fileRef = 200000000000000000000007 /* RootView.swift */; };
		100000000000000000000008 /* BudgetView.swift in Sources */ = {isa = PBXBuildFile; fileRef = 200000000000000000000008 /* BudgetView.swift */; };
		100000000000000000000009 /* AddTransactionView.swift in Sources */ = {isa = PBXBuildFile; fileRef = 200000000000000000000009 /* AddTransactionView.swift */; };
		100000000000000000000010 /* HistoryView.swift in Sources */ = {isa = PBXBuildFile; fileRef = 200000000000000000000010 /* HistoryView.swift */; };
		100000000000000000000011 /* SettingsView.swift in Sources */ = {isa = PBXBuildFile; fileRef = 200000000000000000000011 /* SettingsView.swift */; };
		100000000000000000000012 /* RecurringView.swift in Sources */ = {isa = PBXBuildFile; fileRef = 200000000000000000000012 /* RecurringView.swift */; };
		100000000000000000000013 /* InsightsView.swift in Sources */ = {isa = PBXBuildFile; fileRef = 200000000000000000000013 /* InsightsView.swift */; };
		100000000000000000000014 /* DesignSystem.swift in Sources */ = {isa = PBXBuildFile; fileRef = 200000000000000000000014 /* DesignSystem.swift */; };
		100000000000000000000015 /* Theming.swift in Sources */ = {isa = PBXBuildFile; fileRef = 200000000000000000000015 /* Theming.swift */; };
		100000000000000000000100 /* Assets.xcassets in Resources */ = {isa = PBXBuildFile; fileRef = 200000000000000000000100 /* Assets.xcassets */; };
		100000000000000000000201 /* PlayfairDisplay-VF.ttf in Resources */ = {isa = PBXBuildFile; fileRef = 200000000000000000000401 /* PlayfairDisplay-VF.ttf */; };
		100000000000000000000202 /* DMMono-Regular.ttf in Resources */ = {isa = PBXBuildFile; fileRef = 200000000000000000000402 /* DMMono-Regular.ttf */; };
		100000000000000000000203 /* DMMono-Medium.ttf in Resources */ = {isa = PBXBuildFile; fileRef = 200000000000000000000403 /* DMMono-Medium.ttf */; };
		100000000000000000000204 /* DMMono-Light.ttf in Resources */ = {isa = PBXBuildFile; fileRef = 200000000000000000000404 /* DMMono-Light.ttf */; };
		15766E382FE629DD001A11B3 /* WidgetKit.framework in Frameworks */ = {isa = PBXBuildFile; fileRef = 15766E372FE629DD001A11B3 /* WidgetKit.framework */; };
		15766E3A2FE629DD001A11B3 /* SwiftUI.framework in Frameworks */ = {isa = PBXBuildFile; fileRef = 15766E392FE629DD001A11B3 /* SwiftUI.framework */; };
		15766E452FE629DF001A11B3 /* LedgerWidgetsExtension.appex in Embed Foundation Extensions */ = {isa = PBXBuildFile; fileRef = 15766E352FE629DD001A11B3 /* LedgerWidgetsExtension.appex */; settings = {ATTRIBUTES = (RemoveHeadersOnCopy, ); }; };
/* End PBXBuildFile section */

/* Begin PBXContainerItemProxy section */
		15766E432FE629DF001A11B3 /* PBXContainerItemProxy */ = {
			isa = PBXContainerItemProxy;
			containerPortal = 600000000000000000000001 /* Project object */;
			proxyType = 1;
			remoteGlobalIDString = 15766E342FE629DD001A11B3;
			remoteInfo = LedgerWidgetsExtension;
		};
/* End PBXContainerItemProxy section */

/* Begin PBXCopyFilesBuildPhase section */
		15766E462FE629DF001A11B3 /* Embed Foundation Extensions */ = {
			isa = PBXCopyFilesBuildPhase;
			buildActionMask = 2147483647;
			dstPath = "";
			dstSubfolderSpec = 13;
			files = (
				15766E452FE629DF001A11B3 /* LedgerWidgetsExtension.appex in Embed Foundation Extensions */,
			);
			name = "Embed Foundation Extensions";
			runOnlyForDeploymentPostprocessing = 0;
		};
/* End PBXCopyFilesBuildPhase section */

/* Begin PBXFileReference section */
		15766E352FE629DD001A11B3 /* LedgerWidgetsExtension.appex */ = {isa = PBXFileReference; explicitFileType = "wrapper.app-extension"; includeInIndex = 0; path = LedgerWidgetsExtension.appex; sourceTree = BUILT_PRODUCTS_DIR; };
		15766E372FE629DD001A11B3 /* WidgetKit.framework */ = {isa = PBXFileReference; lastKnownFileType = wrapper.framework; name = WidgetKit.framework; path = System/Library/Frameworks/WidgetKit.framework; sourceTree = SDKROOT; };
		15766E392FE629DD001A11B3 /* SwiftUI.framework */ = {isa = PBXFileReference; lastKnownFileType = wrapper.framework; name = SwiftUI.framework; path = System/Library/Frameworks/SwiftUI.framework; sourceTree = SDKROOT; };
		15766E4B2FE62B2F001A11B3 /* LedgerWidgetsExtension.entitlements */ = {isa = PBXFileReference; lastKnownFileType = text.plist.entitlements; path = LedgerWidgetsExtension.entitlements; sourceTree = "<group>"; };
		15DE1B5B2FE384B0001CC931 /* Info.plist */ = {isa = PBXFileReference; lastKnownFileType = text.plist; path = Info.plist; sourceTree = "<group>"; };
		200000000000000000000001 /* LedgerApp.swift */ = {isa = PBXFileReference; lastKnownFileType = sourcecode.swift; path = LedgerApp.swift; sourceTree = "<group>"; };
		200000000000000000000002 /* Models.swift */ = {isa = PBXFileReference; lastKnownFileType = sourcecode.swift; path = Models.swift; sourceTree = "<group>"; };
		200000000000000000000003 /* MonthKey.swift */ = {isa = PBXFileReference; lastKnownFileType = sourcecode.swift; path = MonthKey.swift; sourceTree = "<group>"; };
		200000000000000000000004 /* Theme.swift */ = {isa = PBXFileReference; lastKnownFileType = sourcecode.swift; path = Theme.swift; sourceTree = "<group>"; };
		200000000000000000000005 /* ImportExport.swift */ = {isa = PBXFileReference; lastKnownFileType = sourcecode.swift; path = ImportExport.swift; sourceTree = "<group>"; };
		200000000000000000000006 /* LedgerService.swift */ = {isa = PBXFileReference; lastKnownFileType = sourcecode.swift; path = LedgerService.swift; sourceTree = "<group>"; };
		200000000000000000000007 /* RootView.swift */ = {isa = PBXFileReference; lastKnownFileType = sourcecode.swift; path = RootView.swift; sourceTree = "<group>"; };
		200000000000000000000008 /* BudgetView.swift */ = {isa = PBXFileReference; lastKnownFileType = sourcecode.swift; path = BudgetView.swift; sourceTree = "<group>"; };
		200000000000000000000009 /* AddTransactionView.swift */ = {isa = PBXFileReference; lastKnownFileType = sourcecode.swift; path = AddTransactionView.swift; sourceTree = "<group>"; };
		200000000000000000000010 /* HistoryView.swift */ = {isa = PBXFileReference; lastKnownFileType = sourcecode.swift; path = HistoryView.swift; sourceTree = "<group>"; };
		200000000000000000000011 /* SettingsView.swift */ = {isa = PBXFileReference; lastKnownFileType = sourcecode.swift; path = SettingsView.swift; sourceTree = "<group>"; };
		200000000000000000000012 /* RecurringView.swift */ = {isa = PBXFileReference; lastKnownFileType = sourcecode.swift; path = RecurringView.swift; sourceTree = "<group>"; };
		200000000000000000000013 /* InsightsView.swift */ = {isa = PBXFileReference; lastKnownFileType = sourcecode.swift; path = InsightsView.swift; sourceTree = "<group>"; };
		200000000000000000000014 /* DesignSystem.swift */ = {isa = PBXFileReference; lastKnownFileType = sourcecode.swift; path = DesignSystem.swift; sourceTree = "<group>"; };
		200000000000000000000015 /* Theming.swift */ = {isa = PBXFileReference; lastKnownFileType = sourcecode.swift; path = Theming.swift; sourceTree = "<group>"; };
		200000000000000000000100 /* Assets.xcassets */ = {isa = PBXFileReference; lastKnownFileType = folder.assetcatalog; path = Assets.xcassets; sourceTree = "<group>"; };
		200000000000000000000200 /* Ledger.entitlements */ = {isa = PBXFileReference; lastKnownFileType = text.plist.entitlements; path = Ledger.entitlements; sourceTree = "<group>"; };
		200000000000000000000300 /* Ledger.app */ = {isa = PBXFileReference; explicitFileType = wrapper.application; includeInIndex = 0; path = Ledger.app; sourceTree = BUILT_PRODUCTS_DIR; };
		200000000000000000000401 /* PlayfairDisplay-VF.ttf */ = {isa = PBXFileReference; lastKnownFileType = file; path = "PlayfairDisplay-VF.ttf"; sourceTree = "<group>"; };
		200000000000000000000402 /* DMMono-Regular.ttf */ = {isa = PBXFileReference; lastKnownFileType = file; path = "DMMono-Regular.ttf"; sourceTree = "<group>"; };
		200000000000000000000403 /* DMMono-Medium.ttf */ = {isa = PBXFileReference; lastKnownFileType = file; path = "DMMono-Medium.ttf"; sourceTree = "<group>"; };
		200000000000000000000404 /* DMMono-Light.ttf */ = {isa = PBXFileReference; lastKnownFileType = file; path = "DMMono-Light.ttf"; sourceTree = "<group>"; };
/* End PBXFileReference section */

/* Begin PBXFileSystemSynchronizedBuildFileExceptionSet section */
		15766E492FE629DF001A11B3 /* PBXFileSystemSynchronizedBuildFileExceptionSet */ = {
			isa = PBXFileSystemSynchronizedBuildFileExceptionSet;
			membershipExceptions = (
				Info.plist,
			);
			target = 15766E342FE629DD001A11B3 /* LedgerWidgetsExtension */;
		};
/* End PBXFileSystemSynchronizedBuildFileExceptionSet section */

/* Begin PBXFileSystemSynchronizedRootGroup section */
		15766E3B2FE629DD001A11B3 /* LedgerWidgets */ = {isa = PBXFileSystemSynchronizedRootGroup; exceptions = (15766E492FE629DF001A11B3 /* PBXFileSystemSynchronizedBuildFileExceptionSet */, ); explicitFileTypes = {}; explicitFolders = (); path = LedgerWidgets; sourceTree = "<group>"; };
/* End PBXFileSystemSynchronizedRootGroup section */

/* Begin PBXFrameworksBuildPhase section */
		15766E322FE629DD001A11B3 /* Frameworks */ = {
			isa = PBXFrameworksBuildPhase;
			buildActionMask = 2147483647;
			files = (
				15766E3A2FE629DD001A11B3 /* SwiftUI.framework in Frameworks */,
				15766E382FE629DD001A11B3 /* WidgetKit.framework in Frameworks */,
			);
			runOnlyForDeploymentPostprocessing = 0;
		};
		400000000000000000000002 /* Frameworks */ = {
			isa = PBXFrameworksBuildPhase;
			buildActionMask = 2147483647;
			files = (
			);
			runOnlyForDeploymentPostprocessing = 0;
		};
/* End PBXFrameworksBuildPhase section */

/* Begin PBXGroup section */
		15766E362FE629DD001A11B3 /* Frameworks */ = {
			isa = PBXGroup;
			children = (
				15766E372FE629DD001A11B3 /* WidgetKit.framework */,
				15766E392FE629DD001A11B3 /* SwiftUI.framework */,
			);
			name = Frameworks;
			sourceTree = "<group>";
		};
		200000000000000000000400 /* Fonts */ = {
			isa = PBXGroup;
			children = (
				200000000000000000000401 /* PlayfairDisplay-VF.ttf */,
				200000000000000000000402 /* DMMono-Regular.ttf */,
				200000000000000000000403 /* DMMono-Medium.ttf */,
				200000000000000000000404 /* DMMono-Light.ttf */,
			);
			path = Fonts;
			sourceTree = "<group>";
		};
		300000000000000000000001 = {
			isa = PBXGroup;
			children = (
				15766E4B2FE62B2F001A11B3 /* LedgerWidgetsExtension.entitlements */,
				300000000000000000000002 /* Ledger */,
				15766E3B2FE629DD001A11B3 /* LedgerWidgets */,
				15766E362FE629DD001A11B3 /* Frameworks */,
				300000000000000000000003 /* Products */,
			);
			sourceTree = "<group>";
		};
		300000000000000000000002 /* Ledger */ = {
			isa = PBXGroup;
			children = (
				15DE1B5B2FE384B0001CC931 /* Info.plist */,
				200000000000000000000001 /* LedgerApp.swift */,
				200000000000000000000002 /* Models.swift */,
				200000000000000000000003 /* MonthKey.swift */,
				200000000000000000000004 /* Theme.swift */,
				200000000000000000000005 /* ImportExport.swift */,
				200000000000000000000006 /* LedgerService.swift */,
				200000000000000000000007 /* RootView.swift */,
				200000000000000000000008 /* BudgetView.swift */,
				200000000000000000000009 /* AddTransactionView.swift */,
				200000000000000000000010 /* HistoryView.swift */,
				200000000000000000000011 /* SettingsView.swift */,
				200000000000000000000012 /* RecurringView.swift */,
				200000000000000000000013 /* InsightsView.swift */,
				200000000000000000000014 /* DesignSystem.swift */,
				200000000000000000000015 /* Theming.swift */,
				200000000000000000000100 /* Assets.xcassets */,
				200000000000000000000200 /* Ledger.entitlements */,
				200000000000000000000400 /* Fonts */,
			);
			path = Ledger;
			sourceTree = "<group>";
		};
		300000000000000000000003 /* Products */ = {
			isa = PBXGroup;
			children = (
				200000000000000000000300 /* Ledger.app */,
				15766E352FE629DD001A11B3 /* LedgerWidgetsExtension.appex */,
			);
			name = Products;
			sourceTree = "<group>";
		};
/* End PBXGroup section */

/* Begin PBXNativeTarget section */
		15766E342FE629DD001A11B3 /* LedgerWidgetsExtension */ = {
			isa = PBXNativeTarget;
			buildConfigurationList = 15766E4A2FE629DF001A11B3 /* Build configuration list for PBXNativeTarget "LedgerWidgetsExtension" */;
			buildPhases = (
				15766E312FE629DD001A11B3 /* Sources */,
				15766E322FE629DD001A11B3 /* Frameworks */,
				15766E332FE629DD001A11B3 /* Resources */,
			);
			buildRules = (
			);
			dependencies = (
			);
			fileSystemSynchronizedGroups = (
				15766E3B2FE629DD001A11B3 /* LedgerWidgets */,
			);
			name = LedgerWidgetsExtension;
			packageProductDependencies = (
			);
			productName = LedgerWidgetsExtension;
			productReference = 15766E352FE629DD001A11B3 /* LedgerWidgetsExtension.appex */;
			productType = "com.apple.product-type.app-extension";
		};
		500000000000000000000001 /* Ledger */ = {
			isa = PBXNativeTarget;
			buildConfigurationList = 700000000000000000000002 /* Build configuration list for PBXNativeTarget "Ledger" */;
			buildPhases = (
				400000000000000000000001 /* Sources */,
				400000000000000000000002 /* Frameworks */,
				400000000000000000000003 /* Resources */,
				15766E462FE629DF001A11B3 /* Embed Foundation Extensions */,
			);
			buildRules = (
			);
			dependencies = (
				15766E442FE629DF001A11B3 /* PBXTargetDependency */,
			);
			name = Ledger;
			productName = Ledger;
			productReference = 200000000000000000000300 /* Ledger.app */;
			productType = "com.apple.product-type.application";
		};
/* End PBXNativeTarget section */

/* Begin PBXProject section */
		600000000000000000000001 /* Project object */ = {
			isa = PBXProject;
			attributes = {
				BuildIndependentTargetsInParallel = 1;
				LastSwiftUpdateCheck = 2650;
				LastUpgradeCheck = 1530;
				TargetAttributes = {
					15766E342FE629DD001A11B3 = {
						CreatedOnToolsVersion = 26.5;
					};
					500000000000000000000001 = {
						CreatedOnToolsVersion = 15.3;
					};
				};
			};
			buildConfigurationList = 700000000000000000000001 /* Build configuration list for PBXProject "Ledger" */;
			compatibilityVersion = "Xcode 14.0";
			developmentRegion = en;
			hasScannedForEncodings = 0;
			knownRegions = (
				en,
				Base,
			);
			mainGroup = 300000000000000000000001;
			productRefGroup = 300000000000000000000003 /* Products */;
			projectDirPath = "";
			projectRoot = "";
			targets = (
				500000000000000000000001 /* Ledger */,
				15766E342FE629DD001A11B3 /* LedgerWidgetsExtension */,
			);
		};
/* End PBXProject section */

/* Begin PBXResourcesBuildPhase section */
		15766E332FE629DD001A11B3 /* Resources */ = {
			isa = PBXResourcesBuildPhase;
			buildActionMask = 2147483647;
			files = (
			);
			runOnlyForDeploymentPostprocessing = 0;
		};
		400000000000000000000003 /* Resources */ = {
			isa = PBXResourcesBuildPhase;
			buildActionMask = 2147483647;
			files = (
				100000000000000000000100 /* Assets.xcassets in Resources */,
				100000000000000000000201 /* PlayfairDisplay-VF.ttf in Resources */,
				100000000000000000000202 /* DMMono-Regular.ttf in Resources */,
				100000000000000000000203 /* DMMono-Medium.ttf in Resources */,
				100000000000000000000204 /* DMMono-Light.ttf in Resources */,
			);
			runOnlyForDeploymentPostprocessing = 0;
		};
/* End PBXResourcesBuildPhase section */

/* Begin PBXSourcesBuildPhase section */
		15766E312FE629DD001A11B3 /* Sources */ = {
			isa = PBXSourcesBuildPhase;
			buildActionMask = 2147483647;
			files = (
			);
			runOnlyForDeploymentPostprocessing = 0;
		};
		400000000000000000000001 /* Sources */ = {
			isa = PBXSourcesBuildPhase;
			buildActionMask = 2147483647;
			files = (
				100000000000000000000001 /* LedgerApp.swift in Sources */,
				100000000000000000000002 /* Models.swift in Sources */,
				100000000000000000000003 /* MonthKey.swift in Sources */,
				100000000000000000000004 /* Theme.swift in Sources */,
				100000000000000000000005 /* ImportExport.swift in Sources */,
				100000000000000000000006 /* LedgerService.swift in Sources */,
				100000000000000000000007 /* RootView.swift in Sources */,
				100000000000000000000008 /* BudgetView.swift in Sources */,
				100000000000000000000009 /* AddTransactionView.swift in Sources */,
				100000000000000000000010 /* HistoryView.swift in Sources */,
				100000000000000000000011 /* SettingsView.swift in Sources */,
				100000000000000000000012 /* RecurringView.swift in Sources */,
				100000000000000000000013 /* InsightsView.swift in Sources */,
				100000000000000000000014 /* DesignSystem.swift in Sources */,
				100000000000000000000015 /* Theming.swift in Sources */,
			);
			runOnlyForDeploymentPostprocessing = 0;
		};
/* End PBXSourcesBuildPhase section */

/* Begin PBXTargetDependency section */
		15766E442FE629DF001A11B3 /* PBXTargetDependency */ = {
			isa = PBXTargetDependency;
			target = 15766E342FE629DD001A11B3 /* LedgerWidgetsExtension */;
			targetProxy = 15766E432FE629DF001A11B3 /* PBXContainerItemProxy */;
		};
/* End PBXTargetDependency section */

/* Begin XCBuildConfiguration section */
		15766E472FE629DF001A11B3 /* Debug */ = {
			isa = XCBuildConfiguration;
			buildSettings = {
				ASSETCATALOG_COMPILER_GLOBAL_ACCENT_COLOR_NAME = AccentColor;
				ASSETCATALOG_COMPILER_WIDGET_BACKGROUND_COLOR_NAME = WidgetBackground;
				CODE_SIGN_ENTITLEMENTS = LedgerWidgetsExtension.entitlements;
				CODE_SIGN_STYLE = Automatic;
				CURRENT_PROJECT_VERSION = 3;
				DEVELOPMENT_TEAM = N3JSU4VRGW;
				GENERATE_INFOPLIST_FILE = YES;
				INFOPLIST_FILE = LedgerWidgets/Info.plist;
				INFOPLIST_KEY_CFBundleDisplayName = LedgerWidgets;
				INFOPLIST_KEY_NSHumanReadableCopyright = "";
				IPHONEOS_DEPLOYMENT_TARGET = 18.0;
				LD_RUNPATH_SEARCH_PATHS = (
					"$(inherited)",
					"@executable_path/Frameworks",
					"@executable_path/../../Frameworks",
				);
				MACOSX_DEPLOYMENT_TARGET = 15.0;
				MARKETING_VERSION = 1.2;
				PRODUCT_BUNDLE_IDENTIFIER = com.anthonystacy.Ledger.LedgerWidgets;
				PRODUCT_NAME = "$(TARGET_NAME)";
				SDKROOT = auto;
				SKIP_INSTALL = YES;
				STRING_CATALOG_GENERATE_SYMBOLS = YES;
				SUPPORTED_PLATFORMS = "iphoneos iphonesimulator macosx xros xrsimulator";
				SUPPORTS_MACCATALYST = NO;
				SWIFT_APPROACHABLE_CONCURRENCY = YES;
				SWIFT_EMIT_LOC_STRINGS = YES;
				SWIFT_UPCOMING_FEATURE_MEMBER_IMPORT_VISIBILITY = YES;
				SWIFT_VERSION = 5.0;
				TARGETED_DEVICE_FAMILY = "1,2,7";
				XROS_DEPLOYMENT_TARGET = 26.0;
			};
			name = Debug;
		};
		15766E482FE629DF001A11B3 /* Release */ = {
			isa = XCBuildConfiguration;
			buildSettings = {
				ASSETCATALOG_COMPILER_GLOBAL_ACCENT_COLOR_NAME = AccentColor;
				ASSETCATALOG_COMPILER_WIDGET_BACKGROUND_COLOR_NAME = WidgetBackground;
				CODE_SIGN_ENTITLEMENTS = LedgerWidgetsExtension.entitlements;
				CODE_SIGN_STYLE = Automatic;
				CURRENT_PROJECT_VERSION = 3;
				DEVELOPMENT_TEAM = N3JSU4VRGW;
				GENERATE_INFOPLIST_FILE = YES;
				INFOPLIST_FILE = LedgerWidgets/Info.plist;
				INFOPLIST_KEY_CFBundleDisplayName = LedgerWidgets;
				INFOPLIST_KEY_NSHumanReadableCopyright = "";
				IPHONEOS_DEPLOYMENT_TARGET = 18.0;
				LD_RUNPATH_SEARCH_PATHS = (
					"$(inherited)",
					"@executable_path/Frameworks",
					"@executable_path/../../Frameworks",
				);
				MACOSX_DEPLOYMENT_TARGET = 15.0;
				MARKETING_VERSION = 1.2;
				PRODUCT_BUNDLE_IDENTIFIER = com.anthonystacy.Ledger.LedgerWidgets;
				PRODUCT_NAME = "$(TARGET_NAME)";
				SDKROOT = auto;
				SKIP_INSTALL = YES;
				STRING_CATALOG_GENERATE_SYMBOLS = YES;
				SUPPORTED_PLATFORMS = "iphoneos iphonesimulator macosx xros xrsimulator";
				SUPPORTS_MACCATALYST = NO;
				SWIFT_APPROACHABLE_CONCURRENCY = YES;
				SWIFT_EMIT_LOC_STRINGS = YES;
				SWIFT_UPCOMING_FEATURE_MEMBER_IMPORT_VISIBILITY = YES;
				SWIFT_VERSION = 5.0;
				TARGETED_DEVICE_FAMILY = "1,2,7";
				VALIDATE_PRODUCT = YES;
				XROS_DEPLOYMENT_TARGET = 26.0;
			};
			name = Release;
		};
		800000000000000000000001 /* Debug */ = {
			isa = XCBuildConfiguration;
			buildSettings = {
				ALWAYS_SEARCH_USER_PATHS = NO;
				ASSETCATALOG_COMPILER_GENERATE_SWIFT_ASSET_SYMBOL_EXTENSIONS = YES;
				CLANG_ANALYZER_NONNULL = YES;
				CLANG_ANALYZER_NUMBER_OBJECT_CONVERSION = YES_AGGRESSIVE;
				CLANG_CXX_LANGUAGE_STANDARD = "gnu++20";
				CLANG_ENABLE_MODULES = YES;
				CLANG_ENABLE_OBJC_ARC = YES;
				CLANG_ENABLE_OBJC_WEAK = YES;
				CLANG_WARN_BLOCK_CAPTURE_AUTORELEASING = YES;
				CLANG_WARN_BOOL_CONVERSION = YES;
				CLANG_WARN_COMMA = YES;
				CLANG_WARN_CONSTANT_CONVERSION = YES;
				CLANG_WARN_DEPRECATED_OBJC_IMPLEMENTATIONS = YES;
				CLANG_WARN_DIRECT_OBJC_ISA_USAGE = YES_ERROR;
				CLANG_WARN_DOCUMENTATION_COMMENTS = YES;
				CLANG_WARN_EMPTY_BODY = YES;
				CLANG_WARN_ENUM_CONVERSION = YES;
				CLANG_WARN_INFINITE_RECURSION = YES;
				CLANG_WARN_INT_CONVERSION = YES;
				CLANG_WARN_NON_LITERAL_NULL_CONVERSION = YES;
				CLANG_WARN_OBJC_IMPLICIT_RETAIN_SELF = YES;
				CLANG_WARN_OBJC_LITERAL_CONVERSION = YES;
				CLANG_WARN_OBJC_ROOT_CLASS = YES_ERROR;
				CLANG_WARN_QUOTED_INCLUDE_IN_FRAMEWORK_HEADER = YES;
				CLANG_WARN_RANGE_LOOP_ANALYSIS = YES;
				CLANG_WARN_STRICT_PROTOTYPES = YES;
				CLANG_WARN_SUSPICIOUS_MOVE = YES;
				CLANG_WARN_UNGUARDED_AVAILABILITY = YES_AGGRESSIVE;
				CLANG_WARN_UNREACHABLE_CODE = YES;
				CLANG_WARN__DUPLICATE_METHOD_MATCH = YES;
				COPY_PHASE_STRIP = NO;
				DEBUG_INFORMATION_FORMAT = dwarf;
				ENABLE_STRICT_OBJC_MSGSEND = YES;
				ENABLE_TESTABILITY = YES;
				ENABLE_USER_SCRIPT_SANDBOXING = YES;
				GCC_C_LANGUAGE_STANDARD = gnu17;
				GCC_DYNAMIC_NO_PIC = NO;
				GCC_NO_COMMON_BLOCKS = YES;
				GCC_OPTIMIZATION_LEVEL = 0;
				GCC_PREPROCESSOR_DEFINITIONS = (
					"DEBUG=1",
					"$(inherited)",
				);
				GCC_WARN_64_TO_32_BIT_CONVERSION = YES;
				GCC_WARN_ABOUT_RETURN_TYPE = YES_ERROR;
				GCC_WARN_UNDECLARED_SELECTOR = YES;
				GCC_WARN_UNINITIALIZED_AUTOS = YES_AGGRESSIVE;
				GCC_WARN_UNUSED_FUNCTION = YES;
				GCC_WARN_UNUSED_VARIABLE = YES;
				LOCALIZATION_PREFERS_STRING_CATALOGS = YES;
				MTL_ENABLE_DEBUG_INFO = INCLUDE_SOURCE;
				MTL_FAST_MATH = YES;
				ONLY_ACTIVE_ARCH = YES;
				SWIFT_ACTIVE_COMPILATION_CONDITIONS = "DEBUG $(inherited)";
				SWIFT_OPTIMIZATION_LEVEL = "-Onone";
			};
			name = Debug;
		};
		800000000000000000000002 /* Release */ = {
			isa = XCBuildConfiguration;
			buildSettings = {
				ALWAYS_SEARCH_USER_PATHS = NO;
				ASSETCATALOG_COMPILER_GENERATE_SWIFT_ASSET_SYMBOL_EXTENSIONS = YES;
				CLANG_ANALYZER_NONNULL = YES;
				CLANG_ANALYZER_NUMBER_OBJECT_CONVERSION = YES_AGGRESSIVE;
				CLANG_CXX_LANGUAGE_STANDARD = "gnu++20";
				CLANG_ENABLE_MODULES = YES;
				CLANG_ENABLE_OBJC_ARC = YES;
				CLANG_ENABLE_OBJC_WEAK = YES;
				CLANG_WARN_BLOCK_CAPTURE_AUTORELEASING = YES;
				CLANG_WARN_BOOL_CONVERSION = YES;
				CLANG_WARN_COMMA = YES;
				CLANG_WARN_CONSTANT_CONVERSION = YES;
				CLANG_WARN_DEPRECATED_OBJC_IMPLEMENTATIONS = YES;
				CLANG_WARN_DIRECT_OBJC_ISA_USAGE = YES_ERROR;
				CLANG_WARN_DOCUMENTATION_COMMENTS = YES;
				CLANG_WARN_EMPTY_BODY = YES;
				CLANG_WARN_ENUM_CONVERSION = YES;
				CLANG_WARN_INFINITE_RECURSION = YES;
				CLANG_WARN_INT_CONVERSION = YES;
				CLANG_WARN_NON_LITERAL_NULL_CONVERSION = YES;
				CLANG_WARN_OBJC_IMPLICIT_RETAIN_SELF = YES;
				CLANG_WARN_OBJC_LITERAL_CONVERSION = YES;
				CLANG_WARN_OBJC_ROOT_CLASS = YES_ERROR;
				CLANG_WARN_QUOTED_INCLUDE_IN_FRAMEWORK_HEADER = YES;
				CLANG_WARN_RANGE_LOOP_ANALYSIS = YES;
				CLANG_WARN_STRICT_PROTOTYPES = YES;
				CLANG_WARN_SUSPICIOUS_MOVE = YES;
				CLANG_WARN_UNGUARDED_AVAILABILITY = YES_AGGRESSIVE;
				CLANG_WARN_UNREACHABLE_CODE = YES;
				CLANG_WARN__DUPLICATE_METHOD_MATCH = YES;
				COPY_PHASE_STRIP = NO;
				DEBUG_INFORMATION_FORMAT = "dwarf-with-dsym";
				ENABLE_NS_ASSERTIONS = NO;
				ENABLE_STRICT_OBJC_MSGSEND = YES;
				ENABLE_USER_SCRIPT_SANDBOXING = YES;
				GCC_C_LANGUAGE_STANDARD = gnu17;
				GCC_NO_COMMON_BLOCKS = YES;
				GCC_WARN_64_TO_32_BIT_CONVERSION = YES;
				GCC_WARN_ABOUT_RETURN_TYPE = YES_ERROR;
				GCC_WARN_UNDECLARED_SELECTOR = YES;
				GCC_WARN_UNINITIALIZED_AUTOS = YES_AGGRESSIVE;
				GCC_WARN_UNUSED_FUNCTION = YES;
				GCC_WARN_UNUSED_VARIABLE = YES;
				LOCALIZATION_PREFERS_STRING_CATALOGS = YES;
				MTL_ENABLE_DEBUG_INFO = NO;
				MTL_FAST_MATH = YES;
				SWIFT_COMPILATION_MODE = wholemodule;
			};
			name = Release;
		};
		800000000000000000000003 /* Debug */ = {
			isa = XCBuildConfiguration;
			buildSettings = {
				ASSETCATALOG_COMPILER_APPICON_NAME = AppIcon;
				"ASSETCATALOG_COMPILER_APPICON_NAME[sdk=xros*]" = AppIconVision;
				"ASSETCATALOG_COMPILER_APPICON_NAME[sdk=xrsimulator*]" = AppIconVision;
				ASSETCATALOG_COMPILER_GLOBAL_ACCENT_COLOR_NAME = AccentColor;
				CODE_SIGN_ENTITLEMENTS = Ledger/Ledger.entitlements;
				CODE_SIGN_STYLE = Automatic;
				CURRENT_PROJECT_VERSION = 3;
				DEVELOPMENT_ASSET_PATHS = "";
				DEVELOPMENT_TEAM = N3JSU4VRGW;
				ENABLE_PREVIEWS = YES;
				GENERATE_INFOPLIST_FILE = YES;
				INFOPLIST_FILE = Ledger/Info.plist;
				INFOPLIST_KEY_CFBundleDisplayName = Ledger;
				INFOPLIST_KEY_LSApplicationCategoryType = "public.app-category.finance";
				INFOPLIST_KEY_NSHumanReadableCopyright = "";
				INFOPLIST_KEY_UIApplicationSceneManifest_Generation = YES;
				INFOPLIST_KEY_UIApplicationSupportsIndirectInputEvents = YES;
				INFOPLIST_KEY_UILaunchScreen_Generation = YES;
				INFOPLIST_KEY_UISupportedInterfaceOrientations_iPad = "UIInterfaceOrientationPortrait UIInterfaceOrientationPortraitUpsideDown UIInterfaceOrientationLandscapeLeft UIInterfaceOrientationLandscapeRight";
				INFOPLIST_KEY_UISupportedInterfaceOrientations_iPhone = "UIInterfaceOrientationPortrait UIInterfaceOrientationLandscapeLeft UIInterfaceOrientationLandscapeRight";
				IPHONEOS_DEPLOYMENT_TARGET = 18.0;
				LD_RUNPATH_SEARCH_PATHS = "@executable_path/Frameworks";
				"LD_RUNPATH_SEARCH_PATHS[sdk=macosx*]" = "@executable_path/../Frameworks";
				MACOSX_DEPLOYMENT_TARGET = 15.0;
				MARKETING_VERSION = 1.2;
				PRODUCT_BUNDLE_IDENTIFIER = com.anthonystacy.Ledger;
				PRODUCT_NAME = "$(TARGET_NAME)";
				REGISTER_APP_GROUPS = YES;
				SDKROOT = auto;
				SUPPORTED_PLATFORMS = "iphoneos iphonesimulator macosx xros xrsimulator";
				SUPPORTS_MACCATALYST = NO;
				SUPPORTS_MAC_DESIGNED_FOR_IPHONE_IPAD = NO;
				SWIFT_EMIT_LOC_STRINGS = YES;
				SWIFT_VERSION = 5.0;
				TARGETED_DEVICE_FAMILY = "1,2,7";
				XROS_DEPLOYMENT_TARGET = 26.0;
			};
			name = Debug;
		};
		800000000000000000000004 /* Release */ = {
			isa = XCBuildConfiguration;
			buildSettings = {
				ASSETCATALOG_COMPILER_APPICON_NAME = AppIcon;
				"ASSETCATALOG_COMPILER_APPICON_NAME[sdk=xros*]" = AppIconVision;
				"ASSETCATALOG_COMPILER_APPICON_NAME[sdk=xrsimulator*]" = AppIconVision;
				ASSETCATALOG_COMPILER_GLOBAL_ACCENT_COLOR_NAME = AccentColor;
				CODE_SIGN_ENTITLEMENTS = Ledger/Ledger.entitlements;
				CODE_SIGN_STYLE = Automatic;
				CURRENT_PROJECT_VERSION = 3;
				DEVELOPMENT_ASSET_PATHS = "";
				DEVELOPMENT_TEAM = N3JSU4VRGW;
				ENABLE_PREVIEWS = YES;
				GENERATE_INFOPLIST_FILE = YES;
				INFOPLIST_FILE = Ledger/Info.plist;
				INFOPLIST_KEY_CFBundleDisplayName = Ledger;
				INFOPLIST_KEY_LSApplicationCategoryType = "public.app-category.finance";
				INFOPLIST_KEY_NSHumanReadableCopyright = "";
				INFOPLIST_KEY_UIApplicationSceneManifest_Generation = YES;
				INFOPLIST_KEY_UIApplicationSupportsIndirectInputEvents = YES;
				INFOPLIST_KEY_UILaunchScreen_Generation = YES;
				INFOPLIST_KEY_UISupportedInterfaceOrientations_iPad = "UIInterfaceOrientationPortrait UIInterfaceOrientationPortraitUpsideDown UIInterfaceOrientationLandscapeLeft UIInterfaceOrientationLandscapeRight";
				INFOPLIST_KEY_UISupportedInterfaceOrientations_iPhone = "UIInterfaceOrientationPortrait UIInterfaceOrientationLandscapeLeft UIInterfaceOrientationLandscapeRight";
				IPHONEOS_DEPLOYMENT_TARGET = 18.0;
				LD_RUNPATH_SEARCH_PATHS = "@executable_path/Frameworks";
				"LD_RUNPATH_SEARCH_PATHS[sdk=macosx*]" = "@executable_path/../Frameworks";
				MACOSX_DEPLOYMENT_TARGET = 15.0;
				MARKETING_VERSION = 1.2;
				PRODUCT_BUNDLE_IDENTIFIER = com.anthonystacy.Ledger;
				PRODUCT_NAME = "$(TARGET_NAME)";
				REGISTER_APP_GROUPS = YES;
				SDKROOT = auto;
				SUPPORTED_PLATFORMS = "iphoneos iphonesimulator macosx xros xrsimulator";
				SUPPORTS_MACCATALYST = NO;
				SUPPORTS_MAC_DESIGNED_FOR_IPHONE_IPAD = NO;
				SWIFT_EMIT_LOC_STRINGS = YES;
				SWIFT_VERSION = 5.0;
				TARGETED_DEVICE_FAMILY = "1,2,7";
				XROS_DEPLOYMENT_TARGET = 26.0;
			};
			name = Release;
		};
/* End XCBuildConfiguration section */

/* Begin XCConfigurationList section */
		15766E4A2FE629DF001A11B3 /* Build configuration list for PBXNativeTarget "LedgerWidgetsExtension" */ = {
			isa = XCConfigurationList;
			buildConfigurations = (
				15766E472FE629DF001A11B3 /* Debug */,
				15766E482FE629DF001A11B3 /* Release */,
			);
			defaultConfigurationIsVisible = 0;
			defaultConfigurationName = Release;
		};
		700000000000000000000001 /* Build configuration list for PBXProject "Ledger" */ = {
			isa = XCConfigurationList;
			buildConfigurations = (
				800000000000000000000001 /* Debug */,
				800000000000000000000002 /* Release */,
			);
			defaultConfigurationIsVisible = 0;
			defaultConfigurationName = Release;
		};
		700000000000000000000002 /* Build configuration list for PBXNativeTarget "Ledger" */ = {
			isa = XCConfigurationList;
			buildConfigurations = (
				800000000000000000000003 /* Debug */,
				800000000000000000000004 /* Release */,
			);
			defaultConfigurationIsVisible = 0;
			defaultConfigurationName = Release;
		};
/* End XCConfigurationList section */
	};
	rootObject = 600000000000000000000001 /* Project object */;
}
